
Microsoft Visual Studio Solution File, Format Version 12.00
# Visual Studio Version 17
VisualStudioVersion = 17.11.35312.102
MinimumVisualStudioVersion = 10.0.40219.1
Project("{9A19103F-16F7-4668-BE54-9A1E7A4F7556}") = "EmployeesManagement", "EmployeesManagement\EmployeesManagement.csproj", "{F2F90012-AFDD-457F-8E43-2FE92DBB685F}"
	ProjectSection(ProjectDependencies) = postProject
		{07381088-56B3-49F7-BE1A-8EBEE2C29582} = {07381088-56B3-49F7-BE1A-8EBEE2C29582}
	EndProjectSection
EndProject
Project("{9A19103F-16F7-4668-BE54-9A1E7A4F7556}") = "EmployeesManagement.Model", "EmployeesManagement.Model\EmployeesManagement.Model.csproj", "{07381088-56B3-49F7-BE1A-8EBEE2C29582}"
EndProject
Global
	GlobalSection(SolutionConfigurationPlatforms) = preSolution
		Debug|Any CPU = Debug|Any CPU
		Release|Any CPU = Release|Any CPU
	EndGlobalSection
	GlobalSection(ProjectConfigurationPlatforms) = postSolution
		{F2F90012-AFDD-457F-8E43-2FE92DBB685F}.Debug|Any CPU.ActiveCfg = Debug|Any CPU
		{F2F90012-AFDD-457F-8E43-2FE92DBB685F}.Debug|Any CPU.Build.0 = Debug|Any CPU
		{F2F90012-AFDD-457F-8E43-2FE92DBB685F}.Release|Any CPU.ActiveCfg = Release|Any CPU
		{F2F90012-AFDD-457F-8E43-2FE92DBB685F}.Release|Any CPU.Build.0 = Release|Any CPU
		{07381088-56B3-49F7-BE1A-8EBEE2C29582}.Debug|Any CPU.ActiveCfg = Debug|Any CPU
		{07381088-56B3-49F7-BE1A-8EBEE2C29582}.Debug|Any CPU.Build.0 = Debug|Any CPU
		{07381088-56B3-49F7-BE1A-8EBEE2C29582}.Release|Any CPU.ActiveCfg = Release|Any CPU
		{07381088-56B3-49F7-BE1A-8EBEE2C29582}.Release|Any CPU.Build.0 = Release|Any CPU
	EndGlobalSection
	GlobalSection(SolutionProperties) = preSolution
		HideSolutionNode = FALSE
	EndGlobalSection
	GlobalSection(ExtensibilityGlobals) = postSolution
		SolutionGuid = {757E6EE2-8231-4346-869A-CAC9928E09F3}
	EndGlobalSection
EndGlobal
